#MicroXplorer Configuration settings - do not modify
File.Version=6
KeepUserPlacement=false
Mcu.Family=STM32F0
Mcu.IP0=I2C1
Mcu.IP1=NVIC
Mcu.IP2=RCC
Mcu.IP3=SYS
Mcu.IP4=TIM1
Mcu.IP5=TIM2
Mcu.IPNb=6
Mcu.Name=STM32F042K(4-6)Tx
Mcu.Package=LQFP32
Mcu.Pin0=PF0-OSC_IN
Mcu.Pin1=PF1-OSC_OUT
Mcu.Pin10=PB0
Mcu.Pin11=PB1
Mcu.Pin12=PA8
Mcu.Pin13=PA9
Mcu.Pin14=PA10
Mcu.Pin15=PA11
Mcu.Pin16=PA12
Mcu.Pin17=PA13
Mcu.Pin18=PA14
Mcu.Pin19=PA15
Mcu.Pin2=PA0
Mcu.Pin20=PB3
Mcu.Pin21=PB4
Mcu.Pin22=PB5
Mcu.Pin23=PB6
Mcu.Pin24=PB7
Mcu.Pin25=VP_SYS_VS_Systick
Mcu.Pin3=PA1
Mcu.Pin4=PA2
Mcu.Pin5=PA3
Mcu.Pin6=PA4
Mcu.Pin7=PA5
Mcu.Pin8=PA6
Mcu.Pin9=PA7
Mcu.PinsNb=26
Mcu.ThirdPartyNb=0
Mcu.UserConstants=
Mcu.UserName=STM32F042K4Tx
MxCube.Version=4.26.0
MxDb.Version=DB.4.0.260
NVIC.HardFault_IRQn=true\:0\:0\:false\:false\:true\:false
NVIC.NonMaskableInt_IRQn=true\:0\:0\:false\:false\:true\:false
NVIC.PendSV_IRQn=true\:0\:0\:false\:false\:true\:false
NVIC.SVC_IRQn=true\:0\:0\:false\:false\:true\:false
NVIC.SysTick_IRQn=true\:0\:0\:false\:false\:true\:false
PA0.Signal=S_TIM2_CH1_ETR
PA1.Signal=S_TIM2_CH2
PA10.Signal=S_TIM1_CH3
PA11.Signal=S_TIM1_CH4
PA12.GPIOParameters=GPIO_PuPd
PA12.GPIO_PuPd=GPIO_PULLUP
PA12.Locked=true
PA12.Signal=GPIO_Input
PA13.Mode=Serial_Wire
PA13.Signal=SYS_SWDIO
PA14.Mode=Serial_Wire
PA14.Signal=SYS_SWCLK
PA15.Locked=true
PA15.Signal=GPIO_Output
PA2.Locked=true
PA2.Signal=GPIO_Input
PA3.Locked=true
PA3.Signal=GPIO_Input
PA4.GPIOParameters=GPIO_PuPd
PA4.GPIO_PuPd=GPIO_PULLUP
PA4.Locked=true
PA4.Signal=GPIO_Input
PA5.GPIOParameters=GPIO_PuPd
PA5.GPIO_PuPd=GPIO_PULLUP
PA5.Locked=true
PA5.Signal=GPIO_Input
PA6.GPIOParameters=GPIO_PuPd
PA6.GPIO_PuPd=GPIO_PULLUP
PA6.Locked=true
PA6.Signal=GPIO_Input
PA7.GPIOParameters=GPIO_PuPd
PA7.GPIO_PuPd=GPIO_PULLUP
PA7.Locked=true
PA7.Signal=GPIO_Input
PA8.Signal=S_TIM1_CH1
PA9.Signal=S_TIM1_CH2
PB0.Locked=true
PB0.Signal=GPIO_Output
PB1.Locked=true
PB1.Signal=GPIO_Output
PB3.Locked=true
PB3.Signal=GPIO_Output
PB4.Locked=true
PB4.Signal=GPIO_Output
PB5.Locked=true
PB5.Signal=GPIO_Output
PB6.Locked=true
PB6.Signal=GPIO_Output
PB7.Locked=true
PB7.Signal=GPIO_Output
PCC.Checker=false
PCC.Line=STM32F0x2
PCC.MCU=STM32F042K(4-6)Tx
PCC.PartNumber=STM32F042K4Tx
PCC.Seq0=0
PCC.Series=STM32F0
PCC.Temperature=25
PCC.Vdd=3.6
PF0-OSC_IN.Mode=I2C
PF0-OSC_IN.Signal=I2C1_SDA
PF1-OSC_OUT.Mode=I2C
PF1-OSC_OUT.Signal=I2C1_SCL
PinOutPanel.RotationAngle=0
RCC.CECFreq_Value=32786.88524590164
RCC.FamilyName=M
RCC.HSICECFreq_Value=32786.88524590164
RCC.IPParameters=CECFreq_Value,FamilyName,HSICECFreq_Value,PLLCLKFreq_Value,PLLMCOFreq_Value,TimSysFreq_Value,VCOOutput2Freq_Value
RCC.PLLCLKFreq_Value=16000000
RCC.PLLMCOFreq_Value=16000000
RCC.TimSysFreq_Value=8000000
RCC.VCOOutput2Freq_Value=8000000
SH.S_TIM1_CH1.0=TIM1_CH1,PWM Generation1 CH1
SH.S_TIM1_CH1.ConfNb=1
SH.S_TIM1_CH2.0=TIM1_CH2,PWM Generation2 CH2
SH.S_TIM1_CH2.ConfNb=1
SH.S_TIM1_CH3.0=TIM1_CH3,PWM Generation3 CH3
SH.S_TIM1_CH3.ConfNb=1
SH.S_TIM1_CH4.0=TIM1_CH4,PWM Generation4 CH4
SH.S_TIM1_CH4.ConfNb=1
SH.S_TIM2_CH1_ETR.0=TIM2_CH1,Output Compare1 CH1
SH.S_TIM2_CH1_ETR.ConfNb=1
SH.S_TIM2_CH2.0=TIM2_CH2,PWM Generation2 CH2
SH.S_TIM2_CH2.ConfNb=1
TIM1.Channel-PWM\ Generation1\ CH1=TIM_CHANNEL_1
TIM1.Channel-PWM\ Generation2\ CH2=TIM_CHANNEL_2
TIM1.Channel-PWM\ Generation3\ CH3=TIM_CHANNEL_3
TIM1.Channel-PWM\ Generation4\ CH4=TIM_CHANNEL_4
TIM1.IPParameters=Channel-PWM Generation1 CH1,Channel-PWM Generation2 CH2,Channel-PWM Generation3 CH3,Channel-PWM Generation4 CH4,Period,Prescaler
TIM1.Period=200
TIM1.Prescaler=24
TIM2.Channel-Output\ Compare1\ CH1=TIM_CHANNEL_1
TIM2.Channel-PWM\ Generation2\ CH2=TIM_CHANNEL_2
TIM2.IPParameters=Channel-Output Compare1 CH1,Channel-PWM Generation2 CH2
VP_SYS_VS_Systick.Mode=SysTick
VP_SYS_VS_Systick.Signal=SYS_VS_Systick
board=custom
